
Microsoft Visual Studio Solution File, Format Version 12.00
# Visual Studio 15
VisualStudioVersion = 15.0.28307.705
MinimumVisualStudioVersion = 10.0.40219.1
Project("{FAE04EC0-301F-11D3-BF4B-00C04F79EFBC}") = "Imagenation", "Imagenation\Imagenation.csproj", "{FD936F61-F840-4D3A-9917-61B9527FBAFE}"
EndProject
Project("{FAE04EC0-301F-11D3-BF4B-00C04F79EFBC}") = "WfaAutoFacDemo", "WfaAutoFacDemo\WfaAutoFacDemo.csproj", "{4AB63D96-8B5C-4169-81A5-16A07E026C25}"
EndProject
Global
	GlobalSection(SolutionConfigurationPlatforms) = preSolution
		Debug|Any CPU = Debug|Any CPU
		Release|Any CPU = Release|Any CPU
	EndGlobalSection
	GlobalSection(ProjectConfigurationPlatforms) = postSolution
		{FD936F61-F840-4D3A-9917-61B9527FBAFE}.Debug|Any CPU.ActiveCfg = Debug|Any CPU
		{FD936F61-F840-4D3A-9917-61B9527FBAFE}.Debug|Any CPU.Build.0 = Debug|Any CPU
		{FD936F61-F840-4D3A-9917-61B9527FBAFE}.Release|Any CPU.ActiveCfg = Release|Any CPU
		{FD936F61-F840-4D3A-9917-61B9527FBAFE}.Release|Any CPU.Build.0 = Release|Any CPU
		{4AB63D96-8B5C-4169-81A5-16A07E026C25}.Debug|Any CPU.ActiveCfg = Debug|Any CPU
		{4AB63D96-8B5C-4169-81A5-16A07E026C25}.Debug|Any CPU.Build.0 = Debug|Any CPU
		{4AB63D96-8B5C-4169-81A5-16A07E026C25}.Release|Any CPU.ActiveCfg = Release|Any CPU
		{4AB63D96-8B5C-4169-81A5-16A07E026C25}.Release|Any CPU.Build.0 = Release|Any CPU
	EndGlobalSection
	GlobalSection(SolutionProperties) = preSolution
		HideSolutionNode = FALSE
	EndGlobalSection
	GlobalSection(ExtensibilityGlobals) = postSolution
		SolutionGuid = {E661168C-934E-4B66-9D8F-0D6DD5D3B135}
	EndGlobalSection
EndGlobal
